
Microsoft Visual Studio Solution File, Format Version 12.00
# Visual Studio Version 16
VisualStudioVersion = 16.0.31727.386
MinimumVisualStudioVersion = 10.0.40219.1
Project("{FAE04EC0-301F-11D3-BF4B-00C04F79EFBC}") = "SimpleScraper", "SimpleScraper.csproj", "{5A4EC87F-6D28-42BC-9B82-CA1A5FD09726}"
EndProject
Global
	GlobalSection(SolutionConfigurationPlatforms) = preSolution
		Debug|Any CPU = Debug|Any CPU
		Release|Any CPU = Release|Any CPU
	EndGlobalSection
	GlobalSection(ProjectConfigurationPlatforms) = postSolution
		{5A4EC87F-6D28-42BC-9B82-CA1A5FD09726}.Debug|Any CPU.ActiveCfg = Debug|Any CPU
		{5A4EC87F-6D28-42BC-9B82-CA1A5FD09726}.Debug|Any CPU.Build.0 = Debug|Any CPU
		{5A4EC87F-6D28-42BC-9B82-CA1A5FD09726}.Release|Any CPU.ActiveCfg = Release|Any CPU
		{5A4EC87F-6D28-42BC-9B82-CA1A5FD09726}.Release|Any CPU.Build.0 = Release|Any CPU
	EndGlobalSection
	GlobalSection(SolutionProperties) = preSolution
		HideSolutionNode = FALSE
	EndGlobalSection
	GlobalSection(ExtensibilityGlobals) = postSolution
		SolutionGuid = {FFF9ECB9-F04B-4C3A-BEBA-72B59879FCF9}
	EndGlobalSection
EndGlobal
